
Microsoft Visual Studio Solution File, Format Version 12.00
# Visual Studio 15
VisualStudioVersion = 15.0.27130.2036
MinimumVisualStudioVersion = 10.0.40219.1
Project("{8BC9CEB8-8B4A-11D0-8D11-00A0C91BC942}") = "eu_cd", "eu_cd\eu_cd.vcxproj", "{D1B57A7E-E459-428C-83FF-F7CCC44AEC18}"
EndProject
Global
	GlobalSection(SolutionConfigurationPlatforms) = preSolution
		Debug|x64 = Debug|x64
		Debug|x86 = Debug|x86
		Release|x64 = Release|x64
		Release|x86 = Release|x86
	EndGlobalSection
	GlobalSection(ProjectConfigurationPlatforms) = postSolution
		{D1B57A7E-E459-428C-83FF-F7CCC44AEC18}.Debug|x64.ActiveCfg = Debug|x64
		{D1B57A7E-E459-428C-83FF-F7CCC44AEC18}.Debug|x64.Build.0 = Debug|x64
		{D1B57A7E-E459-428C-83FF-F7CCC44AEC18}.Debug|x86.ActiveCfg = Debug|Win32
		{D1B57A7E-E459-428C-83FF-F7CCC44AEC18}.Debug|x86.Build.0 = Debug|Win32
		{D1B57A7E-E459-428C-83FF-F7CCC44AEC18}.Release|x64.ActiveCfg = Release|x64
		{D1B57A7E-E459-428C-83FF-F7CCC44AEC18}.Release|x64.Build.0 = Release|x64
		{D1B57A7E-E459-428C-83FF-F7CCC44AEC18}.Release|x86.ActiveCfg = Release|Win32
		{D1B57A7E-E459-428C-83FF-F7CCC44AEC18}.Release|x86.Build.0 = Release|Win32
	EndGlobalSection
	GlobalSection(SolutionProperties) = preSolution
		HideSolutionNode = FALSE
	EndGlobalSection
	GlobalSection(ExtensibilityGlobals) = postSolution
		SolutionGuid = {559A7E97-F7EC-41B6-9FEF-BF4046DD2A4D}
	EndGlobalSection
EndGlobal
